<?xml version="1.0" encoding="utf-8"?>
<Project ToolsVersion="4.0" xmlns="http://schemas.microsoft.com/developer/msbuild/2003">
  <ItemGroup>
    <Filter Include="Source Files">
      <UniqueIdentifier>{4FC737F1-C7A5-4376-A066-2A32D752A2FF}</UniqueIdentifier>
      <Extensions>cpp;c;cc;cxx;c++;cppm;ixx;def;odl;idl;hpj;bat;asm;asmx</Extensions>
    </Filter>
    <Filter Include="Header Files">
      <UniqueIdentifier>{93995380-89BD-4b04-88EB-625FBE52EBFB}</UniqueIdentifier>
      <Extensions>h;hh;hpp;hxx;h++;hm;inl;inc;ipp;xsd</Extensions>
    </Filter>
    <Filter Include="Resource Files">
      <UniqueIdentifier>{67DA6AB6-F800-4c08-8B7A-83BB121AAD01}</UniqueIdentifier>
      <Extensions>rc;ico;cur;bmp;dlg;rc2;rct;bin;rgs;gif;jpg;jpeg;jpe;resx;tiff;tif;png;wav;mfcribbon-ms</Extensions>
    </Filter>
    <Filter Include="qengine">
      <UniqueIdentifier>{af219c02-b870-444f-99fe-a9cf571ed0c5}</UniqueIdentifier>
    </Filter>
    <Filter Include="qengine\extern">
      <UniqueIdentifier>{5c458338-6985-4859-895f-c55c934c1b6e}</UniqueIdentifier>
    </Filter>
    <Filter Include="qengine\extern\capstone">
      <UniqueIdentifier>{330cb16c-fae9-4530-b08f-9a33bafc3cfc}</UniqueIdentifier>
    </Filter>
    <Filter Include="qengine\extern\capstone\32">
      <UniqueIdentifier>{f6279aaa-23b2-49a5-b810-cd0157c98ab2}</UniqueIdentifier>
    </Filter>
    <Filter Include="qengine\extern\capstone\64">
      <UniqueIdentifier>{7a9296ab-c3c5-4938-9037-d7ba124835e5}</UniqueIdentifier>
    </Filter>
    <Filter Include="qengine\qbase">
      <UniqueIdentifier>{82eda2ac-a52c-4003-8323-2a767c6dbb39}</UniqueIdentifier>
    </Filter>
    <Filter Include="qengine\qutil">
      <UniqueIdentifier>{5de63e00-e96e-4ca3-83b0-6ac45521f4b0}</UniqueIdentifier>
    </Filter>
    <Filter Include="qengine\polyc">
      <UniqueIdentifier>{7a8f3abc-1151-43fc-b4a6-2cbc346773e3}</UniqueIdentifier>
    </Filter>
    <Filter Include="qengine\qhash">
      <UniqueIdentifier>{d0771b89-d877-4c72-9ed2-7b3e858529b5}</UniqueIdentifier>
    </Filter>
    <Filter Include="qengine\qimport">
      <UniqueIdentifier>{75395884-2cd9-49d1-aa41-1defcfeda5c2}</UniqueIdentifier>
    </Filter>
    <Filter Include="qengine\qmorph">
      <UniqueIdentifier>{510e33e6-632b-4e57-bf5f-49211f13bdbb}</UniqueIdentifier>
    </Filter>
    <Filter Include="qengine\engine">
      <UniqueIdentifier>{e7b1368f-1652-497e-9b71-ddb9ddb26b6d}</UniqueIdentifier>
    </Filter>
    <Filter Include="qengine\engine\polytypes">
      <UniqueIdentifier>{06af461e-12c8-490f-8f48-c2a6c4a50f24}</UniqueIdentifier>
    </Filter>
    <Filter Include="qengine\engine\hashtypes">
      <UniqueIdentifier>{814e2dbc-d8e0-408a-b55b-21407698fddb}</UniqueIdentifier>
    </Filter>
    <Filter Include="qengine\engine\polyhashtypes">
      <UniqueIdentifier>{c34f1169-42d2-4e46-83ed-413118d20c3e}</UniqueIdentifier>
    </Filter>
    <Filter Include="qengine\qhook">
      <UniqueIdentifier>{b0c26a1a-f16a-47a3-a908-848c2759d0a9}</UniqueIdentifier>
    </Filter>
    <Filter Include="qengine\qbase\qmath">
      <UniqueIdentifier>{9e4ceef7-a3b6-48ab-b2c6-d63fa69a309b}</UniqueIdentifier>
    </Filter>
  </ItemGroup>
  <ItemGroup>
    <ClCompile Include="qengine\polyc\polyc.cpp">
      <Filter>qengine\polyc</Filter>
    </ClCompile>
    <ClCompile Include="qengine\qhash\qhash.cpp">
      <Filter>qengine\qhash</Filter>
    </ClCompile>
  </ItemGroup>
  <ItemGroup>
    <ClInclude Include="qengine\extern\capstone32\include\capstone\arm.h">
      <Filter>qengine\extern\capstone\32</Filter>
    </ClInclude>
    <ClInclude Include="qengine\extern\capstone32\include\capstone\arm64.h">
      <Filter>qengine\extern\capstone\32</Filter>
    </ClInclude>
    <ClInclude Include="qengine\extern\capstone32\include\capstone\capstone.h">
      <Filter>qengine\extern\capstone\32</Filter>
    </ClInclude>
    <ClInclude Include="qengine\extern\capstone32\include\capstone\evm.h">
      <Filter>qengine\extern\capstone\32</Filter>
    </ClInclude>
    <ClInclude Include="qengine\extern\capstone32\include\capstone\m68k.h">
      <Filter>qengine\extern\capstone\32</Filter>
    </ClInclude>
    <ClInclude Include="qengine\extern\capstone32\include\capstone\m680x.h">
      <Filter>qengine\extern\capstone\32</Filter>
    </ClInclude>
    <ClInclude Include="qengine\extern\capstone32\include\capstone\mips.h">
      <Filter>qengine\extern\capstone\32</Filter>
    </ClInclude>
    <ClInclude Include="qengine\extern\capstone32\include\capstone\platform.h">
      <Filter>qengine\extern\capstone\32</Filter>
    </ClInclude>
    <ClInclude Include="qengine\extern\capstone32\include\capstone\ppc.h">
      <Filter>qengine\extern\capstone\32</Filter>
    </ClInclude>
    <ClInclude Include="qengine\extern\capstone32\include\capstone\sparc.h">
      <Filter>qengine\extern\capstone\32</Filter>
    </ClInclude>
    <ClInclude Include="qengine\extern\capstone32\include\capstone\systemz.h">
      <Filter>qengine\extern\capstone\32</Filter>
    </ClInclude>
    <ClInclude Include="qengine\extern\capstone32\include\capstone\tms320c64x.h">
      <Filter>qengine\extern\capstone\32</Filter>
    </ClInclude>
    <ClInclude Include="qengine\extern\capstone32\include\capstone\x86.h">
      <Filter>qengine\extern\capstone\32</Filter>
    </ClInclude>
    <ClInclude Include="qengine\extern\capstone32\include\capstone\xcore.h">
      <Filter>qengine\extern\capstone\32</Filter>
    </ClInclude>
    <ClInclude Include="qengine\extern\capstone64\include\capstone\arm.h">
      <Filter>qengine\extern\capstone\64</Filter>
    </ClInclude>
    <ClInclude Include="qengine\extern\capstone64\include\capstone\arm64.h">
      <Filter>qengine\extern\capstone\64</Filter>
    </ClInclude>
    <ClInclude Include="qengine\extern\capstone64\include\capstone\capstone.h">
      <Filter>qengine\extern\capstone\64</Filter>
    </ClInclude>
    <ClInclude Include="qengine\extern\capstone64\include\capstone\evm.h">
      <Filter>qengine\extern\capstone\64</Filter>
    </ClInclude>
    <ClInclude Include="qengine\extern\capstone64\include\capstone\m68k.h">
      <Filter>qengine\extern\capstone\64</Filter>
    </ClInclude>
    <ClInclude Include="qengine\extern\capstone64\include\capstone\m680x.h">
      <Filter>qengine\extern\capstone\64</Filter>
    </ClInclude>
    <ClInclude Include="qengine\extern\capstone64\include\capstone\mips.h">
      <Filter>qengine\extern\capstone\64</Filter>
    </ClInclude>
    <ClInclude Include="qengine\extern\capstone64\include\capstone\platform.h">
      <Filter>qengine\extern\capstone\64</Filter>
    </ClInclude>
    <ClInclude Include="qengine\extern\capstone64\include\capstone\ppc.h">
      <Filter>qengine\extern\capstone\64</Filter>
    </ClInclude>
    <ClInclude Include="qengine\extern\capstone64\include\capstone\sparc.h">
      <Filter>qengine\extern\capstone\64</Filter>
    </ClInclude>
    <ClInclude Include="qengine\extern\capstone64\include\capstone\systemz.h">
      <Filter>qengine\extern\capstone\64</Filter>
    </ClInclude>
    <ClInclude Include="qengine\extern\capstone64\include\capstone\tms320c64x.h">
      <Filter>qengine\extern\capstone\64</Filter>
    </ClInclude>
    <ClInclude Include="qengine\extern\capstone64\include\capstone\x86.h">
      <Filter>qengine\extern\capstone\64</Filter>
    </ClInclude>
    <ClInclude Include="qengine\extern\capstone64\include\capstone\xcore.h">
      <Filter>qengine\extern\capstone\64</Filter>
    </ClInclude>
    <ClInclude Include="qengine\qbase\qcallback.hpp">
      <Filter>qengine\qbase</Filter>
    </ClInclude>
    <ClInclude Include="qengine\qbase\qdef.hpp">
      <Filter>qengine\qbase</Filter>
    </ClInclude>
    <ClInclude Include="qengine\qbase\qexcept.hpp">
      <Filter>qengine\qbase</Filter>
    </ClInclude>
    <ClInclude Include="qengine\qutil\qcritical.hpp">
      <Filter>qengine\qutil</Filter>
    </ClInclude>
    <ClInclude Include="qengine\qutil\qutil.hpp">
      <Filter>qengine\qutil</Filter>
    </ClInclude>
    <ClInclude Include="qengine\polyc\polyc.hpp">
      <Filter>qengine\polyc</Filter>
    </ClInclude>
    <ClInclude Include="qengine\qhash\qhash.hpp">
      <Filter>qengine\qhash</Filter>
    </ClInclude>
    <ClInclude Include="qengine\qimport\qimport.hpp">
      <Filter>qengine\qimport</Filter>
    </ClInclude>
    <ClInclude Include="qengine\qmorph\qdisasm.hpp">
      <Filter>qengine\qmorph</Filter>
    </ClInclude>
    <ClInclude Include="qengine\engine\qengine.hpp">
      <Filter>qengine\engine</Filter>
    </ClInclude>
    <ClInclude Include="qengine\engine\polytypes\qtype_enc.hpp">
      <Filter>qengine\engine\polytypes</Filter>
    </ClInclude>
    <ClInclude Include="qengine\engine\polyhashtypes\qtype_enchash.hpp">
      <Filter>qengine\engine\polyhashtypes</Filter>
    </ClInclude>
    <ClInclude Include="qengine\engine\hashtypes\qtype_hash.hpp">
      <Filter>qengine\engine\hashtypes</Filter>
    </ClInclude>
    <ClInclude Include="qengine\qhook\qhook.hpp">
      <Filter>qengine\qhook</Filter>
    </ClInclude>
    <ClInclude Include="qengine\qhook\qhook_fn.hpp">
      <Filter>qengine\qhook</Filter>
    </ClInclude>
    <ClInclude Include="qengine\qhook\qhook_util.hpp">
      <Filter>qengine\qhook</Filter>
    </ClInclude>
    <ClInclude Include="qengine\qmorph\qgen.hpp">
      <Filter>qengine\qmorph</Filter>
    </ClInclude>
    <ClInclude Include="qlogarithm.hpp">
      <Filter>qengine\qbase\qmath</Filter>
    </ClInclude>
  </ItemGroup>
</Project>